
Microsoft Visual Studio Solution File, Format Version 11.00
# Visual Studio 2010
Project("{54435603-DBB4-11D2-8724-00A0C9A8B90C}") = "DirectInputRTC", "DirectInputRTC.vdproj", "{54A4DA0E-8547-4FE4-84B5-FC471245E122}"
EndProject
Global
	GlobalSection(SolutionConfigurationPlatforms) = preSolution
		Debug|Default = Debug|Default
		Release|Default = Release|Default
	EndGlobalSection
	GlobalSection(ProjectConfigurationPlatforms) = postSolution
		{54A4DA0E-8547-4FE4-84B5-FC471245E122}.Debug|Default.ActiveCfg = Debug
		{54A4DA0E-8547-4FE4-84B5-FC471245E122}.Debug|Default.Build.0 = Debug
		{54A4DA0E-8547-4FE4-84B5-FC471245E122}.Release|Default.ActiveCfg = Release
		{54A4DA0E-8547-4FE4-84B5-FC471245E122}.Release|Default.Build.0 = Release
	EndGlobalSection
	GlobalSection(SolutionProperties) = preSolution
		HideSolutionNode = FALSE
	EndGlobalSection
EndGlobal
